
Microsoft Visual Studio Solution File, Format Version 12.00
# Visual Studio 2012
Project("{F184B08F-C81C-45F6-A57F-5ABD9991F28F}") = "Tic Tac Toe", "Tic Tac Toe\Tic Tac Toe.vbproj", "{DBB78AA1-9C67-4BD3-B528-E858E7C499D6}"
EndProject
Global
	GlobalSection(SolutionConfigurationPlatforms) = preSolution
		Debug|Any CPU = Debug|Any CPU
		Release|Any CPU = Release|Any CPU
	EndGlobalSection
	GlobalSection(ProjectConfigurationPlatforms) = postSolution
		{DBB78AA1-9C67-4BD3-B528-E858E7C499D6}.Debug|Any CPU.ActiveCfg = Debug|Any CPU
		{DBB78AA1-9C67-4BD3-B528-E858E7C499D6}.Debug|Any CPU.Build.0 = Debug|Any CPU
		{DBB78AA1-9C67-4BD3-B528-E858E7C499D6}.Release|Any CPU.ActiveCfg = Release|Any CPU
		{DBB78AA1-9C67-4BD3-B528-E858E7C499D6}.Release|Any CPU.Build.0 = Release|Any CPU
	EndGlobalSection
	GlobalSection(SolutionProperties) = preSolution
		HideSolutionNode = FALSE
	EndGlobalSection
EndGlobal
